
Microsoft Visual Studio Solution File, Format Version 12.00
# Visual Studio Version 17
VisualStudioVersion = 17.4.33403.182
MinimumVisualStudioVersion = 10.0.40219.1
Project("{FAE04EC0-301F-11D3-BF4B-00C04F79EFBC}") = "Authorizathion", "Authorizathion\Authorizathion.csproj", "{D8B62A26-A91C-446C-8797-8EDE11627FB6}"
EndProject
Global
	GlobalSection(SolutionConfigurationPlatforms) = preSolution
		Debug|Any CPU = Debug|Any CPU
		Release|Any CPU = Release|Any CPU
	EndGlobalSection
	GlobalSection(ProjectConfigurationPlatforms) = postSolution
		{D8B62A26-A91C-446C-8797-8EDE11627FB6}.Debug|Any CPU.ActiveCfg = Debug|Any CPU
		{D8B62A26-A91C-446C-8797-8EDE11627FB6}.Debug|Any CPU.Build.0 = Debug|Any CPU
		{D8B62A26-A91C-446C-8797-8EDE11627FB6}.Release|Any CPU.ActiveCfg = Release|Any CPU
		{D8B62A26-A91C-446C-8797-8EDE11627FB6}.Release|Any CPU.Build.0 = Release|Any CPU
	EndGlobalSection
	GlobalSection(SolutionProperties) = preSolution
		HideSolutionNode = FALSE
	EndGlobalSection
	GlobalSection(ExtensibilityGlobals) = postSolution
		SolutionGuid = {4CA339A4-8630-489C-8086-121B060594C0}
	EndGlobalSection
EndGlobal
